
Microsoft Visual Studio Solution File, Format Version 12.00
# Visual Studio 15
VisualStudioVersion = 15.0.28307.1209
MinimumVisualStudioVersion = 10.0.40219.1
Project("{FAE04EC0-301F-11D3-BF4B-00C04F79EFBC}") = "AppUI", "AppUI\AppUI.csproj", "{666AC949-3D3F-44FF-9198-1B0F874BB81A}"
EndProject
Project("{FAE04EC0-301F-11D3-BF4B-00C04F79EFBC}") = "AppViewModels", "AppViewModels\AppViewModels.csproj", "{C115804C-C4B3-4050-95C7-6CE2F9C574EB}"
EndProject
Project("{FAE04EC0-301F-11D3-BF4B-00C04F79EFBC}") = "AppModels", "AppModels\AppModels.csproj", "{8933990D-1444-4113-8BDE-A2AF24949D05}"
EndProject
Project("{FAE04EC0-301F-11D3-BF4B-00C04F79EFBC}") = "ModelLibraries", "ModelLibraries\ModelLibraries.csproj", "{3A61366B-2A53-4D03-AA67-FA8A79338701}"
EndProject
Project("{FAE04EC0-301F-11D3-BF4B-00C04F79EFBC}") = "Backend", "Backend\Backend.csproj", "{28B15C80-ECD4-47F3-BE74-43B5BF766135}"
EndProject
Project("{FAE04EC0-301F-11D3-BF4B-00C04F79EFBC}") = "BackendLibraries", "BackendLibraries\BackendLibraries.csproj", "{C29A769D-BD49-42A8-BDFF-8D75C7302525}"
EndProject
Project("{FAE04EC0-301F-11D3-BF4B-00C04F79EFBC}") = "ViewModelTest", "ViewModelTest\ViewModelTest.csproj", "{4C6AAC83-A685-41BF-A463-8CBBF227D89B}"
EndProject
Project("{FAE04EC0-301F-11D3-BF4B-00C04F79EFBC}") = "ModelTest", "ModelTest\ModelTest.csproj", "{92940F6C-9914-4A61-8997-63F7C32DF7BD}"
EndProject
Global
	GlobalSection(SolutionConfigurationPlatforms) = preSolution
		Debug|Any CPU = Debug|Any CPU
		Release|Any CPU = Release|Any CPU
	EndGlobalSection
	GlobalSection(ProjectConfigurationPlatforms) = postSolution
		{666AC949-3D3F-44FF-9198-1B0F874BB81A}.Debug|Any CPU.ActiveCfg = Debug|Any CPU
		{666AC949-3D3F-44FF-9198-1B0F874BB81A}.Debug|Any CPU.Build.0 = Debug|Any CPU
		{666AC949-3D3F-44FF-9198-1B0F874BB81A}.Release|Any CPU.ActiveCfg = Release|Any CPU
		{666AC949-3D3F-44FF-9198-1B0F874BB81A}.Release|Any CPU.Build.0 = Release|Any CPU
		{C115804C-C4B3-4050-95C7-6CE2F9C574EB}.Debug|Any CPU.ActiveCfg = Debug|Any CPU
		{C115804C-C4B3-4050-95C7-6CE2F9C574EB}.Debug|Any CPU.Build.0 = Debug|Any CPU
		{C115804C-C4B3-4050-95C7-6CE2F9C574EB}.Release|Any CPU.ActiveCfg = Release|Any CPU
		{C115804C-C4B3-4050-95C7-6CE2F9C574EB}.Release|Any CPU.Build.0 = Release|Any CPU
		{8933990D-1444-4113-8BDE-A2AF24949D05}.Debug|Any CPU.ActiveCfg = Debug|Any CPU
		{8933990D-1444-4113-8BDE-A2AF24949D05}.Debug|Any CPU.Build.0 = Debug|Any CPU
		{8933990D-1444-4113-8BDE-A2AF24949D05}.Release|Any CPU.ActiveCfg = Release|Any CPU
		{8933990D-1444-4113-8BDE-A2AF24949D05}.Release|Any CPU.Build.0 = Release|Any CPU
		{3A61366B-2A53-4D03-AA67-FA8A79338701}.Debug|Any CPU.ActiveCfg = Debug|Any CPU
		{3A61366B-2A53-4D03-AA67-FA8A79338701}.Debug|Any CPU.Build.0 = Debug|Any CPU
		{3A61366B-2A53-4D03-AA67-FA8A79338701}.Release|Any CPU.ActiveCfg = Release|Any CPU
		{3A61366B-2A53-4D03-AA67-FA8A79338701}.Release|Any CPU.Build.0 = Release|Any CPU
		{28B15C80-ECD4-47F3-BE74-43B5BF766135}.Debug|Any CPU.ActiveCfg = Debug|Any CPU
		{28B15C80-ECD4-47F3-BE74-43B5BF766135}.Debug|Any CPU.Build.0 = Debug|Any CPU
		{28B15C80-ECD4-47F3-BE74-43B5BF766135}.Release|Any CPU.ActiveCfg = Release|Any CPU
		{28B15C80-ECD4-47F3-BE74-43B5BF766135}.Release|Any CPU.Build.0 = Release|Any CPU
		{C29A769D-BD49-42A8-BDFF-8D75C7302525}.Debug|Any CPU.ActiveCfg = Debug|Any CPU
		{C29A769D-BD49-42A8-BDFF-8D75C7302525}.Debug|Any CPU.Build.0 = Debug|Any CPU
		{C29A769D-BD49-42A8-BDFF-8D75C7302525}.Release|Any CPU.ActiveCfg = Release|Any CPU
		{C29A769D-BD49-42A8-BDFF-8D75C7302525}.Release|Any CPU.Build.0 = Release|Any CPU
		{4C6AAC83-A685-41BF-A463-8CBBF227D89B}.Debug|Any CPU.ActiveCfg = Debug|Any CPU
		{4C6AAC83-A685-41BF-A463-8CBBF227D89B}.Debug|Any CPU.Build.0 = Debug|Any CPU
		{4C6AAC83-A685-41BF-A463-8CBBF227D89B}.Release|Any CPU.ActiveCfg = Release|Any CPU
		{4C6AAC83-A685-41BF-A463-8CBBF227D89B}.Release|Any CPU.Build.0 = Release|Any CPU
		{92940F6C-9914-4A61-8997-63F7C32DF7BD}.Debug|Any CPU.ActiveCfg = Debug|Any CPU
		{92940F6C-9914-4A61-8997-63F7C32DF7BD}.Debug|Any CPU.Build.0 = Debug|Any CPU
		{92940F6C-9914-4A61-8997-63F7C32DF7BD}.Release|Any CPU.ActiveCfg = Release|Any CPU
		{92940F6C-9914-4A61-8997-63F7C32DF7BD}.Release|Any CPU.Build.0 = Release|Any CPU
	EndGlobalSection
	GlobalSection(SolutionProperties) = preSolution
		HideSolutionNode = FALSE
	EndGlobalSection
	GlobalSection(ExtensibilityGlobals) = postSolution
		SolutionGuid = {6191BD04-3E5F-43B8-B4B4-AF1CDBB44816}
	EndGlobalSection
EndGlobal
